// !$*UTF8*$!
{
	archiveVersion = 1;
	classes = {
	};
	objectVersion = 50;
	objects = {

/* Begin PBXBuildFile section */
		A028BE27273A24B200823938 /* TrailerPlayerDebugInfo.swift in Sources */ = {isa = PBXBuildFile; fileRef = A028BE26273A24B200823938 /* TrailerPlayerDebugInfo.swift */; };
		A0646AB7271031D900115627 /* ControlPanel.swift in Sources */ = {isa = PBXBuildFile; fileRef = A0646AB6271031D900115627 /* ControlPanel.swift */; };
		A0646AB92710480500115627 /* ReplayPanel.swift in Sources */ = {isa = PBXBuildFile; fileRef = A0646AB82710480500115627 /* ReplayPanel.swift */; };
		A087314B27157D3C0016081C /* TrailerPlayerPlaybackDelegate.swift in Sources */ = {isa = PBXBuildFile; fileRef = A087314A27157D3C0016081C /* TrailerPlayerPlaybackDelegate.swift */; };
		A087314D27157F240016081C /* TrailerPlayerPlaybackStatus.swift in Sources */ = {isa = PBXBuildFile; fileRef = A087314C27157F240016081C /* TrailerPlayerPlaybackStatus.swift */; };
		A087314F2715800D0016081C /* TrailerPlayerPlaybackError.swift in Sources */ = {isa = PBXBuildFile; fileRef = A087314E2715800D0016081C /* TrailerPlayerPlaybackError.swift */; };
		A08731512716956C0016081C /* TrailerPlayer.swift in Sources */ = {isa = PBXBuildFile; fileRef = A08731502716956B0016081C /* TrailerPlayer.swift */; };
		A087315327169B340016081C /* TrailerPlayerDRMDelegate.swift in Sources */ = {isa = PBXBuildFile; fileRef = A087315227169B340016081C /* TrailerPlayerDRMDelegate.swift */; };
		A08731552716BA540016081C /* TrailerPlayerDRMError.swift in Sources */ = {isa = PBXBuildFile; fileRef = A08731542716BA540016081C /* TrailerPlayerDRMError.swift */; };
		A0AA9778270C3773004DC5EF /* AutoLayoutWrapper.swift in Sources */ = {isa = PBXBuildFile; fileRef = A0AA9775270C3773004DC5EF /* AutoLayoutWrapper.swift */; };
		A0AA9779270C3773004DC5EF /* TrailerPlayerView.swift in Sources */ = {isa = PBXBuildFile; fileRef = A0AA9776270C3773004DC5EF /* TrailerPlayerView.swift */; };
		A0AA977A270C3773004DC5EF /* TrailerPlayerItem.swift in Sources */ = {isa = PBXBuildFile; fileRef = A0AA9777270C3773004DC5EF /* TrailerPlayerItem.swift */; };
		A0C84FE32702C744007349EC /* AppDelegate.swift in Sources */ = {isa = PBXBuildFile; fileRef = A0C84FE22702C744007349EC /* AppDelegate.swift */; };
		A0C84FE72702C744007349EC /* ViewController.swift in Sources */ = {isa = PBXBuildFile; fileRef = A0C84FE62702C744007349EC /* ViewController.swift */; };
		A0C84FEC2702C745007349EC /* Assets.xcassets in Resources */ = {isa = PBXBuildFile; fileRef = A0C84FEB2702C745007349EC /* Assets.xcassets */; };
		A0C84FEF2702C745007349EC /* LaunchScreen.storyboard in Resources */ = {isa = PBXBuildFile; fileRef = A0C84FED2702C745007349EC /* LaunchScreen.storyboard */; };
/* End PBXBuildFile section */

/* Begin PBXFileReference section */
		A028BE26273A24B200823938 /* TrailerPlayerDebugInfo.swift */ = {isa = PBXFileReference; lastKnownFileType = sourcecode.swift; path = TrailerPlayerDebugInfo.swift; sourceTree = "<group>"; };
		A0646AB6271031D900115627 /* ControlPanel.swift */ = {isa = PBXFileReference; lastKnownFileType = sourcecode.swift; path = ControlPanel.swift; sourceTree = "<group>"; };
		A0646AB82710480500115627 /* ReplayPanel.swift */ = {isa = PBXFileReference; lastKnownFileType = sourcecode.swift; path = ReplayPanel.swift; sourceTree = "<group>"; };
		A087314A27157D3C0016081C /* TrailerPlayerPlaybackDelegate.swift */ = {isa = PBXFileReference; lastKnownFileType = sourcecode.swift; path = TrailerPlayerPlaybackDelegate.swift; sourceTree = "<group>"; };
		A087314C27157F240016081C /* TrailerPlayerPlaybackStatus.swift */ = {isa = PBXFileReference; lastKnownFileType = sourcecode.swift; path = TrailerPlayerPlaybackStatus.swift; sourceTree = "<group>"; };
		A087314E2715800D0016081C /* TrailerPlayerPlaybackError.swift */ = {isa = PBXFileReference; lastKnownFileType = sourcecode.swift; path = TrailerPlayerPlaybackError.swift; sourceTree = "<group>"; };
		A08731502716956B0016081C /* TrailerPlayer.swift */ = {isa = PBXFileReference; lastKnownFileType = sourcecode.swift; path = TrailerPlayer.swift; sourceTree = "<group>"; };
		A087315227169B340016081C /* TrailerPlayerDRMDelegate.swift */ = {isa = PBXFileReference; lastKnownFileType = sourcecode.swift; path = TrailerPlayerDRMDelegate.swift; sourceTree = "<group>"; };
		A08731542716BA540016081C /* TrailerPlayerDRMError.swift */ = {isa = PBXFileReference; lastKnownFileType = sourcecode.swift; path = TrailerPlayerDRMError.swift; sourceTree = "<group>"; };
		A0AA9775270C3773004DC5EF /* AutoLayoutWrapper.swift */ = {isa = PBXFileReference; fileEncoding = 4; lastKnownFileType = sourcecode.swift; path = AutoLayoutWrapper.swift; sourceTree = "<group>"; };
		A0AA9776270C3773004DC5EF /* TrailerPlayerView.swift */ = {isa = PBXFileReference; fileEncoding = 4; lastKnownFileType = sourcecode.swift; path = TrailerPlayerView.swift; sourceTree = "<group>"; };
		A0AA9777270C3773004DC5EF /* TrailerPlayerItem.swift */ = {isa = PBXFileReference; fileEncoding = 4; lastKnownFileType = sourcecode.swift; path = TrailerPlayerItem.swift; sourceTree = "<group>"; };
		A0C84FDF2702C744007349EC /* TrailerPlayer.app */ = {isa = PBXFileReference; explicitFileType = wrapper.application; includeInIndex = 0; path = TrailerPlayer.app; sourceTree = BUILT_PRODUCTS_DIR; };
		A0C84FE22702C744007349EC /* AppDelegate.swift */ = {isa = PBXFileReference; lastKnownFileType = sourcecode.swift; path = AppDelegate.swift; sourceTree = "<group>"; };
		A0C84FE62702C744007349EC /* ViewController.swift */ = {isa = PBXFileReference; lastKnownFileType = sourcecode.swift; path = ViewController.swift; sourceTree = "<group>"; };
		A0C84FEB2702C745007349EC /* Assets.xcassets */ = {isa = PBXFileReference; lastKnownFileType = folder.assetcatalog; path = Assets.xcassets; sourceTree = "<group>"; };
		A0C84FEE2702C745007349EC /* Base */ = {isa = PBXFileReference; lastKnownFileType = file.storyboard; name = Base; path = Base.lproj/LaunchScreen.storyboard; sourceTree = "<group>"; };
		A0C84FF02702C745007349EC /* Info.plist */ = {isa = PBXFileReference; lastKnownFileType = text.plist.xml; name = Info.plist; path = ../Info.plist; sourceTree = "<group>"; };
/* End PBXFileReference section */

/* Begin PBXFrameworksBuildPhase section */
		A0C84FDC2702C744007349EC /* Frameworks */ = {
			isa = PBXFrameworksBuildPhase;
			buildActionMask = 2147483647;
			files = (
			);
			runOnlyForDeploymentPostprocessing = 0;
		};
/* End PBXFrameworksBuildPhase section */

/* Begin PBXGroup section */
		A087314627157B270016081C /* Enums */ = {
			isa = PBXGroup;
			children = (
				A087314C27157F240016081C /* TrailerPlayerPlaybackStatus.swift */,
				A087314E2715800D0016081C /* TrailerPlayerPlaybackError.swift */,
				A08731542716BA540016081C /* TrailerPlayerDRMError.swift */,
			);
			path = Enums;
			sourceTree = "<group>";
		};
		A087314727157B360016081C /* Delegates */ = {
			isa = PBXGroup;
			children = (
				A087314A27157D3C0016081C /* TrailerPlayerPlaybackDelegate.swift */,
				A087315227169B340016081C /* TrailerPlayerDRMDelegate.swift */,
			);
			path = Delegates;
			sourceTree = "<group>";
		};
		A087314827157C630016081C /* PropertyWrappers */ = {
			isa = PBXGroup;
			children = (
				A0AA9775270C3773004DC5EF /* AutoLayoutWrapper.swift */,
			);
			path = PropertyWrappers;
			sourceTree = "<group>";
		};
		A087314927157CBB0016081C /* Player */ = {
			isa = PBXGroup;
			children = (
				A08731502716956B0016081C /* TrailerPlayer.swift */,
				A0AA9777270C3773004DC5EF /* TrailerPlayerItem.swift */,
				A028BE26273A24B200823938 /* TrailerPlayerDebugInfo.swift */,
			);
			path = Player;
			sourceTree = "<group>";
		};
		A0AA9773270C3773004DC5EF /* Sources */ = {
			isa = PBXGroup;
			children = (
				A0AA9774270C3773004DC5EF /* TrailerPlayer */,
			);
			path = Sources;
			sourceTree = "<group>";
		};
		A0AA9774270C3773004DC5EF /* TrailerPlayer */ = {
			isa = PBXGroup;
			children = (
				A087314827157C630016081C /* PropertyWrappers */,
				A087314627157B270016081C /* Enums */,
				A087314727157B360016081C /* Delegates */,
				A087314927157CBB0016081C /* Player */,
				A0AA9776270C3773004DC5EF /* TrailerPlayerView.swift */,
			);
			path = TrailerPlayer;
			sourceTree = "<group>";
		};
		A0C84FD62702C744007349EC = {
			isa = PBXGroup;
			children = (
				A0AA9773270C3773004DC5EF /* Sources */,
				A0C84FE12702C744007349EC /* Example */,
			);
			sourceTree = "<group>";
		};
		A0C84FE02702C744007349EC /* Products */ = {
			isa = PBXGroup;
			children = (
				A0C84FDF2702C744007349EC /* TrailerPlayer.app */,
			);
			name = Products;
			path = ..;
			sourceTree = "<group>";
		};
		A0C84FE12702C744007349EC /* Example */ = {
			isa = PBXGroup;
			children = (
				A0C84FE22702C744007349EC /* AppDelegate.swift */,
				A0C84FE62702C744007349EC /* ViewController.swift */,
				A0646AB6271031D900115627 /* ControlPanel.swift */,
				A0646AB82710480500115627 /* ReplayPanel.swift */,
				A0C84FEB2702C745007349EC /* Assets.xcassets */,
				A0C84FED2702C745007349EC /* LaunchScreen.storyboard */,
				A0C84FF02702C745007349EC /* Info.plist */,
				A0C84FE02702C744007349EC /* Products */,
			);
			path = Example;
			sourceTree = "<group>";
		};
/* End PBXGroup section */

/* Begin PBXNativeTarget section */
		A0C84FDE2702C744007349EC /* TrailerPlayer */ = {
			isa = PBXNativeTarget;
			buildConfigurationList = A0C84FF32702C745007349EC /* Build configuration list for PBXNativeTarget "TrailerPlayer" */;
			buildPhases = (
				A0C84FDB2702C744007349EC /* Sources */,
				A0C84FDC2702C744007349EC /* Frameworks */,
				A0C84FDD2702C744007349EC /* Resources */,
			);
			buildRules = (
			);
			dependencies = (
			);
			name = TrailerPlayer;
			productName = TrailerPlayer;
			productReference = A0C84FDF2702C744007349EC /* TrailerPlayer.app */;
			productType = "com.apple.product-type.application";
		};
/* End PBXNativeTarget section */

/* Begin PBXProject section */
		A0C84FD72702C744007349EC /* Project object */ = {
			isa = PBXProject;
			attributes = {
				LastSwiftUpdateCheck = 1250;
				LastUpgradeCheck = 1250;
				TargetAttributes = {
					A0C84FDE2702C744007349EC = {
						CreatedOnToolsVersion = 12.5.1;
					};
				};
			};
			buildConfigurationList = A0C84FDA2702C744007349EC /* Build configuration list for PBXProject "TrailerPlayer" */;
			compatibilityVersion = "Xcode 9.3";
			developmentRegion = en;
			hasScannedForEncodings = 0;
			knownRegions = (
				en,
				Base,
			);
			mainGroup = A0C84FD62702C744007349EC;
			productRefGroup = A0C84FE02702C744007349EC /* Products */;
			projectDirPath = "";
			projectRoot = "";
			targets = (
				A0C84FDE2702C744007349EC /* TrailerPlayer */,
			);
		};
/* End PBXProject section */

/* Begin PBXResourcesBuildPhase section */
		A0C84FDD2702C744007349EC /* Resources */ = {
			isa = PBXResourcesBuildPhase;
			buildActionMask = 2147483647;
			files = (
				A0C84FEF2702C745007349EC /* LaunchScreen.storyboard in Resources */,
				A0C84FEC2702C745007349EC /* Assets.xcassets in Resources */,
			);
			runOnlyForDeploymentPostprocessing = 0;
		};
/* End PBXResourcesBuildPhase section */

/* Begin PBXSourcesBuildPhase section */
		A0C84FDB2702C744007349EC /* Sources */ = {
			isa = PBXSourcesBuildPhase;
			buildActionMask = 2147483647;
			files = (
				A0646AB7271031D900115627 /* ControlPanel.swift in Sources */,
				A0AA9778270C3773004DC5EF /* AutoLayoutWrapper.swift in Sources */,
				A0646AB92710480500115627 /* ReplayPanel.swift in Sources */,
				A0AA9779270C3773004DC5EF /* TrailerPlayerView.swift in Sources */,
				A087314F2715800D0016081C /* TrailerPlayerPlaybackError.swift in Sources */,
				A0C84FE72702C744007349EC /* ViewController.swift in Sources */,
				A028BE27273A24B200823938 /* TrailerPlayerDebugInfo.swift in Sources */,
				A087315327169B340016081C /* TrailerPlayerDRMDelegate.swift in Sources */,
				A087314D27157F240016081C /* TrailerPlayerPlaybackStatus.swift in Sources */,
				A0AA977A270C3773004DC5EF /* TrailerPlayerItem.swift in Sources */,
				A0C84FE32702C744007349EC /* AppDelegate.swift in Sources */,
				A08731512716956C0016081C /* TrailerPlayer.swift in Sources */,
				A08731552716BA540016081C /* TrailerPlayerDRMError.swift in Sources */,
				A087314B27157D3C0016081C /* TrailerPlayerPlaybackDelegate.swift in Sources */,
			);
			runOnlyForDeploymentPostprocessing = 0;
		};
/* End PBXSourcesBuildPhase section */

/* Begin PBXVariantGroup section */
		A0C84FED2702C745007349EC /* LaunchScreen.storyboard */ = {
			isa = PBXVariantGroup;
			children = (
				A0C84FEE2702C745007349EC /* Base */,
			);
			name = LaunchScreen.storyboard;
			sourceTree = "<group>";
		};
/* End PBXVariantGroup section */

/* Begin XCBuildConfiguration section */
		A0C84FF12702C745007349EC /* Debug */ = {
			isa = XCBuildConfiguration;
			buildSettings = {
				ALWAYS_SEARCH_USER_PATHS = NO;
				CLANG_ANALYZER_NONNULL = YES;
				CLANG_ANALYZER_NUMBER_OBJECT_CONVERSION = YES_AGGRESSIVE;
				CLANG_CXX_LANGUAGE_STANDARD = "gnu++14";
				CLANG_CXX_LIBRARY = "libc++";
				CLANG_ENABLE_MODULES = YES;
				CLANG_ENABLE_OBJC_ARC = YES;
				CLANG_ENABLE_OBJC_WEAK = YES;
				CLANG_WARN_BLOCK_CAPTURE_AUTORELEASING = YES;
				CLANG_WARN_BOOL_CONVERSION = YES;
				CLANG_WARN_COMMA = YES;
				CLANG_WARN_CONSTANT_CONVERSION = YES;
				CLANG_WARN_DEPRECATED_OBJC_IMPLEMENTATIONS = YES;
				CLANG_WARN_DIRECT_OBJC_ISA_USAGE = YES_ERROR;
				CLANG_WARN_DOCUMENTATION_COMMENTS = YES;
				CLANG_WARN_EMPTY_BODY = YES;
				CLANG_WARN_ENUM_CONVERSION = YES;
				CLANG_WARN_INFINITE_RECURSION = YES;
				CLANG_WARN_INT_CONVERSION = YES;
				CLANG_WARN_NON_LITERAL_NULL_CONVERSION = YES;
				CLANG_WARN_OBJC_IMPLICIT_RETAIN_SELF = YES;
				CLANG_WARN_OBJC_LITERAL_CONVERSION = YES;
				CLANG_WARN_OBJC_ROOT_CLASS = YES_ERROR;
				CLANG_WARN_QUOTED_INCLUDE_IN_FRAMEWORK_HEADER = YES;
				CLANG_WARN_RANGE_LOOP_ANALYSIS = YES;
				CLANG_WARN_STRICT_PROTOTYPES = YES;
				CLANG_WARN_SUSPICIOUS_MOVE = YES;
				CLANG_WARN_UNGUARDED_AVAILABILITY = YES_AGGRESSIVE;
				CLANG_WARN_UNREACHABLE_CODE = YES;
				CLANG_WARN__DUPLICATE_METHOD_MATCH = YES;
				COPY_PHASE_STRIP = NO;
				DEBUG_INFORMATION_FORMAT = dwarf;
				ENABLE_STRICT_OBJC_MSGSEND = YES;
				ENABLE_TESTABILITY = YES;
				GCC_C_LANGUAGE_STANDARD = gnu11;
				GCC_DYNAMIC_NO_PIC = NO;
				GCC_NO_COMMON_BLOCKS = YES;
				GCC_OPTIMIZATION_LEVEL = 0;
				GCC_PREPROCESSOR_DEFINITIONS = (
					"DEBUG=1",
					"$(inherited)",
				);
				GCC_WARN_64_TO_32_BIT_CONVERSION = YES;
				GCC_WARN_ABOUT_RETURN_TYPE = YES_ERROR;
				GCC_WARN_UNDECLARED_SELECTOR = YES;
				GCC_WARN_UNINITIALIZED_AUTOS = YES_AGGRESSIVE;
				GCC_WARN_UNUSED_FUNCTION = YES;
				GCC_WARN_UNUSED_VARIABLE = YES;
				IPHONEOS_DEPLOYMENT_TARGET = 10.0;
				MTL_ENABLE_DEBUG_INFO = INCLUDE_SOURCE;
				MTL_FAST_MATH = YES;
				ONLY_ACTIVE_ARCH = YES;
				SDKROOT = iphoneos;
				SWIFT_ACTIVE_COMPILATION_CONDITIONS = DEBUG;
				SWIFT_OPTIMIZATION_LEVEL = "-Onone";
			};
			name = Debug;
		};
		A0C84FF22702C745007349EC /* Release */ = {
			isa = XCBuildConfiguration;
			buildSettings = {
				ALWAYS_SEARCH_USER_PATHS = NO;
				CLANG_ANALYZER_NONNULL = YES;
				CLANG_ANALYZER_NUMBER_OBJECT_CONVERSION = YES_AGGRESSIVE;
				CLANG_CXX_LANGUAGE_STANDARD = "gnu++14";
				CLANG_CXX_LIBRARY = "libc++";
				CLANG_ENABLE_MODULES = YES;
				CLANG_ENABLE_OBJC_ARC = YES;
				CLANG_ENABLE_OBJC_WEAK = YES;
				CLANG_WARN_BLOCK_CAPTURE_AUTORELEASING = YES;
				CLANG_WARN_BOOL_CONVERSION = YES;
				CLANG_WARN_COMMA = YES;
				CLANG_WARN_CONSTANT_CONVERSION = YES;
				CLANG_WARN_DEPRECATED_OBJC_IMPLEMENTATIONS = YES;
				CLANG_WARN_DIRECT_OBJC_ISA_USAGE = YES_ERROR;
				CLANG_WARN_DOCUMENTATION_COMMENTS = YES;
				CLANG_WARN_EMPTY_BODY = YES;
				CLANG_WARN_ENUM_CONVERSION = YES;
				CLANG_WARN_INFINITE_RECURSION = YES;
				CLANG_WARN_INT_CONVERSION = YES;
				CLANG_WARN_NON_LITERAL_NULL_CONVERSION = YES;
				CLANG_WARN_OBJC_IMPLICIT_RETAIN_SELF = YES;
				CLANG_WARN_OBJC_LITERAL_CONVERSION = YES;
				CLANG_WARN_OBJC_ROOT_CLASS = YES_ERROR;
				CLANG_WARN_QUOTED_INCLUDE_IN_FRAMEWORK_HEADER = YES;
				CLANG_WARN_RANGE_LOOP_ANALYSIS = YES;
				CLANG_WARN_STRICT_PROTOTYPES = YES;
				CLANG_WARN_SUSPICIOUS_MOVE = YES;
				CLANG_WARN_UNGUARDED_AVAILABILITY = YES_AGGRESSIVE;
				CLANG_WARN_UNREACHABLE_CODE = YES;
				CLANG_WARN__DUPLICATE_METHOD_MATCH = YES;
				COPY_PHASE_STRIP = NO;
				DEBUG_INFORMATION_FORMAT = "dwarf-with-dsym";
				ENABLE_NS_ASSERTIONS = NO;
				ENABLE_STRICT_OBJC_MSGSEND = YES;
				GCC_C_LANGUAGE_STANDARD = gnu11;
				GCC_NO_COMMON_BLOCKS = YES;
				GCC_WARN_64_TO_32_BIT_CONVERSION = YES;
				GCC_WARN_ABOUT_RETURN_TYPE = YES_ERROR;
				GCC_WARN_UNDECLARED_SELECTOR = YES;
				GCC_WARN_UNINITIALIZED_AUTOS = YES_AGGRESSIVE;
				GCC_WARN_UNUSED_FUNCTION = YES;
				GCC_WARN_UNUSED_VARIABLE = YES;
				IPHONEOS_DEPLOYMENT_TARGET = 10.0;
				MTL_ENABLE_DEBUG_INFO = NO;
				MTL_FAST_MATH = YES;
				SDKROOT = iphoneos;
				SWIFT_COMPILATION_MODE = wholemodule;
				SWIFT_OPTIMIZATION_LEVEL = "-O";
				VALIDATE_PRODUCT = YES;
			};
			name = Release;
		};
		A0C84FF42702C745007349EC /* Debug */ = {
			isa = XCBuildConfiguration;
			buildSettings = {
				ASSETCATALOG_COMPILER_APPICON_NAME = AppIcon;
				ASSETCATALOG_COMPILER_GLOBAL_ACCENT_COLOR_NAME = AccentColor;
				CODE_SIGN_STYLE = Manual;
				DEVELOPMENT_TEAM = "";
				INFOPLIST_FILE = Info.plist;
				LD_RUNPATH_SEARCH_PATHS = (
					"$(inherited)",
					"@executable_path/Frameworks",
				);
				MARKETING_VERSION = 1.0.0;
				PRODUCT_BUNDLE_IDENTIFIER = AbeWang.TrailerPlayer;
				PRODUCT_NAME = "$(TARGET_NAME)";
				PROVISIONING_PROFILE_SPECIFIER = "";
				SWIFT_VERSION = 5.0;
				TARGETED_DEVICE_FAMILY = "1,2";
			};
			name = Debug;
		};
		A0C84FF52702C745007349EC /* Release */ = {
			isa = XCBuildConfiguration;
			buildSettings = {
				ASSETCATALOG_COMPILER_APPICON_NAME = AppIcon;
				ASSETCATALOG_COMPILER_GLOBAL_ACCENT_COLOR_NAME = AccentColor;
				CODE_SIGN_STYLE = Manual;
				DEVELOPMENT_TEAM = "";
				INFOPLIST_FILE = Info.plist;
				LD_RUNPATH_SEARCH_PATHS = (
					"$(inherited)",
					"@executable_path/Frameworks",
				);
				MARKETING_VERSION = 1.0.0;
				PRODUCT_BUNDLE_IDENTIFIER = AbeWang.TrailerPlayer;
				PRODUCT_NAME = "$(TARGET_NAME)";
				PROVISIONING_PROFILE_SPECIFIER = "";
				SWIFT_VERSION = 5.0;
				TARGETED_DEVICE_FAMILY = "1,2";
			};
			name = Release;
		};
/* End XCBuildConfiguration section */

/* Begin XCConfigurationList section */
		A0C84FDA2702C744007349EC /* Build configuration list for PBXProject "TrailerPlayer" */ = {
			isa = XCConfigurationList;
			buildConfigurations = (
				A0C84FF12702C745007349EC /* Debug */,
				A0C84FF22702C745007349EC /* Release */,
			);
			defaultConfigurationIsVisible = 0;
			defaultConfigurationName = Release;
		};
		A0C84FF32702C745007349EC /* Build configuration list for PBXNativeTarget "TrailerPlayer" */ = {
			isa = XCConfigurationList;
			buildConfigurations = (
				A0C84FF42702C745007349EC /* Debug */,
				A0C84FF52702C745007349EC /* Release */,
			);
			defaultConfigurationIsVisible = 0;
			defaultConfigurationName = Release;
		};
/* End XCConfigurationList section */
	};
	rootObject = A0C84FD72702C744007349EC /* Project object */;
}
